
Microsoft Visual Studio Solution File, Format Version 12.00
# Visual Studio Version 17
VisualStudioVersion = 17.6.33829.357
MinimumVisualStudioVersion = 10.0.40219.1
Project("{9A19103F-16F7-4668-BE54-9A1E7A4F7556}") = "ScooterRental", "ScooterRental\ScooterRental.csproj", "{652BEEDC-47FB-4A2F-A2B2-1B488FBCBCFB}"
EndProject
Project("{9A19103F-16F7-4668-BE54-9A1E7A4F7556}") = "ScooterRental.Tests", "ScooterRental.Tests\ScooterRental.Tests.csproj", "{15179265-99BA-4B5B-80DF-2CC85523515B}"
EndProject
Global
	GlobalSection(SolutionConfigurationPlatforms) = preSolution
		Debug|Any CPU = Debug|Any CPU
		Release|Any CPU = Release|Any CPU
	EndGlobalSection
	GlobalSection(ProjectConfigurationPlatforms) = postSolution
		{652BEEDC-47FB-4A2F-A2B2-1B488FBCBCFB}.Debug|Any CPU.ActiveCfg = Debug|Any CPU
		{652BEEDC-47FB-4A2F-A2B2-1B488FBCBCFB}.Debug|Any CPU.Build.0 = Debug|Any CPU
		{652BEEDC-47FB-4A2F-A2B2-1B488FBCBCFB}.Release|Any CPU.ActiveCfg = Release|Any CPU
		{652BEEDC-47FB-4A2F-A2B2-1B488FBCBCFB}.Release|Any CPU.Build.0 = Release|Any CPU
		{15179265-99BA-4B5B-80DF-2CC85523515B}.Debug|Any CPU.ActiveCfg = Debug|Any CPU
		{15179265-99BA-4B5B-80DF-2CC85523515B}.Debug|Any CPU.Build.0 = Debug|Any CPU
		{15179265-99BA-4B5B-80DF-2CC85523515B}.Release|Any CPU.ActiveCfg = Release|Any CPU
		{15179265-99BA-4B5B-80DF-2CC85523515B}.Release|Any CPU.Build.0 = Release|Any CPU
	EndGlobalSection
	GlobalSection(SolutionProperties) = preSolution
		HideSolutionNode = FALSE
	EndGlobalSection
	GlobalSection(ExtensibilityGlobals) = postSolution
		SolutionGuid = {DC4050A8-DAFF-44F3-AEB8-2CE52C7D9AF2}
	EndGlobalSection
EndGlobal
